{
  "nodes": {
    "flake-utils": {
      "inputs": {
        "systems": "systems"
      },
      "locked": {
        "lastModified": 1731533236,
        "narHash": "sha256-l0KFg5HjrsfsO/JpG+r7fRrqm12kzFHyUHqHCVpMMbI=",
        "owner": "numtide",
        "repo": "flake-utils",
        "rev": "11707dc2f618dd54ca8739b309ec4fc024de578b",
        "type": "github"
      },
      "original": {
        "owner": "numtide",
        "repo": "flake-utils",
        "type": "github"
      }
    },
    "home-manager": {
      "inputs": {
        "nixpkgs": "nixpkgs"
      },
      "locked": {
        "lastModified": 1733050161,
        "narHash": "sha256-lYnT+EYE47f5yY3KS/Kd4pJ6CO9fhCqumkYYkQ3TK20=",
        "owner": "nix-community",
        "repo": "home-manager",
        "rev": "62d536255879be574ebfe9b87c4ac194febf47c5",
        "type": "github"
      },
      "original": {
        "owner": "nix-community",
        "ref": "release-24.11",
        "repo": "home-manager",
        "type": "github"
      }
    },
    "nixpkgs": {
      "locked": {
        "lastModified": 1733261153,
        "narHash": "sha256-eq51hyiaIwtWo19fPEeE0Zr2s83DYMKJoukNLgGGpek=",
        "owner": "NixOS",
        "repo": "nixpkgs",
        "rev": "b681065d0919f7eb5309a93cea2cfa84dec9aa88",
        "type": "github"
      },
      "original": {
        "owner": "NixOS",
        "ref": "nixos-24.11",
        "repo": "nixpkgs",
        "type": "github"
      }
    },
    "nixpkgs-unstable": {
      "locked": {
        "lastModified": 1733212471,
        "narHash": "sha256-M1+uCoV5igihRfcUKrr1riygbe73/dzNnzPsmaLCmpo=",
        "owner": "nixos",
        "repo": "nixpkgs",
        "rev": "55d15ad12a74eb7d4646254e13638ad0c4128776",
        "type": "github"
      },
      "original": {
        "owner": "nixos",
        "ref": "55d15ad1",
        "repo": "nixpkgs",
        "type": "github"
      }
    },
    "nixpkgs_2": {
      "locked": {
        "lastModified": 1733261153,
        "narHash": "sha256-eq51hyiaIwtWo19fPEeE0Zr2s83DYMKJoukNLgGGpek=",
        "owner": "nixos",
        "repo": "nixpkgs",
        "rev": "b681065d0919f7eb5309a93cea2cfa84dec9aa88",
        "type": "github"
      },
      "original": {
        "owner": "nixos",
        "ref": "nixos-24.11",
        "repo": "nixpkgs",
        "type": "github"
      }
    },
    "nixpkgs_3": {
      "locked": {
        "lastModified": 1732758367,
        "narHash": "sha256-RzaI1RO0UXqLjydtz3GAXSTzHkpb/lLD1JD8a0W4Wpo=",
        "owner": "NixOS",
        "repo": "nixpkgs",
        "rev": "fa42b5a5f401aab8a32bd33c9a4de0738180dc59",
        "type": "github"
      },
      "original": {
        "owner": "NixOS",
        "ref": "nixos-unstable",
        "repo": "nixpkgs",
        "type": "github"
      }
    },
    "root": {
      "inputs": {
        "home-manager": "home-manager",
        "nixpkgs": "nixpkgs_2",
        "nixpkgs-unstable": "nixpkgs-unstable",
        "zotimer": "zotimer"
      }
    },
    "systems": {
      "locked": {
        "lastModified": 1681028828,
        "narHash": "sha256-Vy1rq5AaRuLzOxct8nz4T6wlgyUR7zLU309k9mBC768=",
        "owner": "nix-systems",
        "repo": "default",
        "rev": "da67096a3b9bf56a91d16901293e51ba5b49a27e",
        "type": "github"
      },
      "original": {
        "owner": "nix-systems",
        "repo": "default",
        "type": "github"
      }
    },
    "zotimer": {
      "inputs": {
        "flake-utils": "flake-utils",
        "nixpkgs": "nixpkgs_3"
      },
      "locked": {
        "lastModified": 1731291552,
        "narHash": "sha256-5cyS9MPnIuCdGJsGxGvDFNKBrDdwq3wtWRxfXGQJsyw=",
        "owner": "tisorlawan",
        "repo": "zotimer",
        "rev": "ffe70a80ade873c9e795a48cc6bb958d9a5bdc87",
        "type": "github"
      },
      "original": {
        "owner": "tisorlawan",
        "repo": "zotimer",
        "type": "github"
      }
    }
  },
  "root": "root",
  "version": 7
}
